<?xml version="1.0" encoding="utf-8"?>
<Project ToolsVersion="4.0" xmlns="http://schemas.microsoft.com/developer/msbuild/2003">
  <ItemGroup>
    <Filter Include="Source Files">
      <UniqueIdentifier>{4FC737F1-C7A5-4376-A066-2A32D752A2FF}</UniqueIdentifier>
      <Extensions>cpp;c;cc;cxx;def;odl;idl;hpj;bat;asm;asmx</Extensions>
    </Filter>
    <Filter Include="Header Files">
      <UniqueIdentifier>{93995380-89BD-4b04-88EB-625FBE52EBFB}</UniqueIdentifier>
      <Extensions>h;hh;hpp;hxx;hm;inl;inc;ipp;xsd</Extensions>
    </Filter>
    <Filter Include="Resource Files">
      <UniqueIdentifier>{67DA6AB6-F800-4c08-8B7A-83BB121AAD01}</UniqueIdentifier>
      <Extensions>rc;ico;cur;bmp;dlg;rc2;rct;bin;rgs;gif;jpg;jpeg;jpe;resx;tiff;tif;png;wav;mfcribbon-ms</Extensions>
    </Filter>
    <Filter Include="Source Files\C程序设计进阶_第2周综合编程练习（1）">
      <UniqueIdentifier>{70eb208c-8cfc-4273-b865-6b8b7fac7be8}</UniqueIdentifier>
    </Filter>
    <Filter Include="Source Files\C程序设计进阶_第3周递归编程练习">
      <UniqueIdentifier>{81230474-3bfb-456b-9637-55f851f8046e}</UniqueIdentifier>
    </Filter>
    <Filter Include="Source Files\C程序设计进阶_第5周指针与二维数组练习">
      <UniqueIdentifier>{0ddcd2e1-de8b-47b1-9d93-4bc548e92eca}</UniqueIdentifier>
    </Filter>
    <Filter Include="Source Files\C程序设计进阶_第6周综合编程练习（2）">
      <UniqueIdentifier>{195ea118-7b86-43fb-8cd1-efbe27bbb93e}</UniqueIdentifier>
    </Filter>
    <Filter Include="Source Files\C程序设计进阶_期末考试">
      <UniqueIdentifier>{dfade9b2-b70f-4a0e-8103-3467c9b9684c}</UniqueIdentifier>
    </Filter>
    <Filter Include="Source Files\C++程序设计_第2周C++初探">
      <UniqueIdentifier>{72d34c1b-77de-4111-bd87-a894d0cecfcc}</UniqueIdentifier>
    </Filter>
    <Filter Include="Source Files\C++程序设计_第3周类和对象">
      <UniqueIdentifier>{bc3bb847-6dd5-43e3-8b15-2d3b2731e4ed}</UniqueIdentifier>
    </Filter>
    <Filter Include="Source Files\C++程序设计_第4周运算符重载">
      <UniqueIdentifier>{fa331791-81c9-4cfd-8ec6-aa9685d78019}</UniqueIdentifier>
    </Filter>
    <Filter Include="Source Files\C++程序设计_第5周继承与派生">
      <UniqueIdentifier>{9c7c59fa-cd48-49e9-8e1e-0a4599d2cc48}</UniqueIdentifier>
    </Filter>
    <Filter Include="Source Files\C++程序设计_第6周多态与虚函数">
      <UniqueIdentifier>{b9698b31-570d-461c-abca-9dbc9be2a89e}</UniqueIdentifier>
    </Filter>
    <Filter Include="Source Files\C++程序设计_第7周文件操作与模板">
      <UniqueIdentifier>{9c678447-2823-4ba3-adb3-ca7b1ea2911c}</UniqueIdentifier>
    </Filter>
    <Filter Include="Source Files\C++程序设计_第8周标准模板库STL">
      <UniqueIdentifier>{f2fde491-d278-4f4a-b0cd-105321068796}</UniqueIdentifier>
    </Filter>
  </ItemGroup>
  <ItemGroup>
    <ClCompile Include="Calendar.cpp">
      <Filter>Source Files\C程序设计进阶_第2周综合编程练习（1）</Filter>
    </ClCompile>
    <ClCompile Include="C_5_1 计算矩阵边缘元素之和.cpp">
      <Filter>Source Files\C程序设计进阶_第5周指针与二维数组练习</Filter>
    </ClCompile>
    <ClCompile Include="C_2_1 寻找下标.cpp">
      <Filter>Source Files\C程序设计进阶_第2周综合编程练习（1）</Filter>
    </ClCompile>
    <ClCompile Include="C_2_2 四大湖.cpp">
      <Filter>Source Files\C程序设计进阶_第2周综合编程练习（1）</Filter>
    </ClCompile>
    <ClCompile Include="C_2_3 发票统计.cpp">
      <Filter>Source Files\C程序设计进阶_第2周综合编程练习（1）</Filter>
    </ClCompile>
    <ClCompile Include="C_2_4 Tomorrow never knows.cpp">
      <Filter>Source Files\C程序设计进阶_第2周综合编程练习（1）</Filter>
    </ClCompile>
    <ClCompile Include="C_2_5 细菌实验分组.cpp">
      <Filter>Source Files\C程序设计进阶_第2周综合编程练习（1）</Filter>
    </ClCompile>
    <ClCompile Include="C_2_6 流感传染.cpp">
      <Filter>Source Files\C程序设计进阶_第2周综合编程练习（1）</Filter>
    </ClCompile>
    <ClCompile Include="C_3_1 单词翻转.cpp">
      <Filter>Source Files\C程序设计进阶_第3周递归编程练习</Filter>
    </ClCompile>
    <ClCompile Include="C_3_2 角谷猜想.cpp">
      <Filter>Source Files\C程序设计进阶_第3周递归编程练习</Filter>
    </ClCompile>
    <ClCompile Include="C_3_3 排队游戏.cpp">
      <Filter>Source Files\C程序设计进阶_第3周递归编程练习</Filter>
    </ClCompile>
    <ClCompile Include="C_3_4 扩号匹配问题.cpp">
      <Filter>Source Files\C程序设计进阶_第3周递归编程练习</Filter>
    </ClCompile>
    <ClCompile Include="C_5_2 二维数组右上左下遍历.cpp">
      <Filter>Source Files\C程序设计进阶_第5周指针与二维数组练习</Filter>
    </ClCompile>
    <ClCompile Include="C_5_3 文字排版.cpp">
      <Filter>Source Files\C程序设计进阶_第5周指针与二维数组练习</Filter>
    </ClCompile>
    <ClCompile Include="test.cpp">
      <Filter>Source Files</Filter>
    </ClCompile>
    <ClCompile Include="C_6_1 分配病房.cpp">
      <Filter>Source Files\C程序设计进阶_第6周综合编程练习（2）</Filter>
    </ClCompile>
    <ClCompile Include="C_6_2 配对碱基链.cpp">
      <Filter>Source Files\C程序设计进阶_第6周综合编程练习（2）</Filter>
    </ClCompile>
    <ClCompile Include="C_6_3 寻找山顶.cpp">
      <Filter>Source Files\C程序设计进阶_第6周综合编程练习（2）</Filter>
    </ClCompile>
    <ClCompile Include="C_期末_1 含k个3的数.cpp">
      <Filter>Source Files\C程序设计进阶_期末考试</Filter>
    </ClCompile>
    <ClCompile Include="C_期末_2 字符串中次数第2多的字母.cpp">
      <Filter>Source Files\C程序设计进阶_期末考试</Filter>
    </ClCompile>
    <ClCompile Include="C_期末_3 运算符判定.cpp">
      <Filter>Source Files\C程序设计进阶_期末考试</Filter>
    </ClCompile>
    <ClCompile Include="C_期末_4 寻找平面上的极大点.cpp">
      <Filter>Source Files\C程序设计进阶_期末考试</Filter>
    </ClCompile>
    <ClCompile Include="C_期末_5 走出迷宫v2.1 取消了v2递归函数中的p_temp%28成功，速度一般，占用内存小于v2%29.cpp">
      <Filter>Source Files\C程序设计进阶_期末考试</Filter>
    </ClCompile>
    <ClCompile Include="C_期末_5 走出迷宫v2 考虑要点6%28成功，速度较慢%29.cpp">
      <Filter>Source Files\C程序设计进阶_期末考试</Filter>
    </ClCompile>
    <ClCompile Include="C_期末_5 走出迷宫dev 考虑要点6和7%28未成功%29.cpp">
      <Filter>Source Files\C程序设计进阶_期末考试</Filter>
    </ClCompile>
    <ClCompile Include="C_期末_5 走出迷宫v1 考虑要点7%28成功，速度最慢%29.cpp">
      <Filter>Source Files\C程序设计进阶_期末考试</Filter>
    </ClCompile>
    <ClCompile Include="C_期末_5 走出迷宫v3%28解法2，BFS，非递归，正向求解%29%28成功，速度最快%29.cpp">
      <Filter>Source Files\C程序设计进阶_期末考试</Filter>
    </ClCompile>
    <ClCompile Include="C++_2_1 简单的学生信息处理程序实现.cpp">
      <Filter>Source Files\C++程序设计_第2周C++初探</Filter>
    </ClCompile>
    <ClCompile Include="C++_3_1.cpp">
      <Filter>Source Files\C++程序设计_第3周类和对象</Filter>
    </ClCompile>
    <ClCompile Include="C++_3_2.cpp">
      <Filter>Source Files\C++程序设计_第3周类和对象</Filter>
    </ClCompile>
    <ClCompile Include="C++_3_3.cpp">
      <Filter>Source Files\C++程序设计_第3周类和对象</Filter>
    </ClCompile>
    <ClCompile Include="C++_3_4 魔兽世界之一：备战v1.0.cpp">
      <Filter>Source Files\C++程序设计_第3周类和对象</Filter>
    </ClCompile>
    <ClCompile Include="C++_3_4 魔兽世界之一：备战v1.1.cpp">
      <Filter>Source Files\C++程序设计_第3周类和对象</Filter>
    </ClCompile>
    <ClCompile Include="C++_4_1.cpp">
      <Filter>Source Files\C++程序设计_第4周运算符重载</Filter>
    </ClCompile>
    <ClCompile Include="C++_4_2.cpp">
      <Filter>Source Files\C++程序设计_第4周运算符重载</Filter>
    </ClCompile>
    <ClCompile Include="C++_4_4 大整数的加减乘除.cpp">
      <Filter>Source Files\C++程序设计_第4周运算符重载</Filter>
    </ClCompile>
    <ClCompile Include="C++_4_3 v1.0.cpp">
      <Filter>Source Files\C++程序设计_第4周运算符重载</Filter>
    </ClCompile>
    <ClCompile Include="C++_4_3 v2.0.cpp">
      <Filter>Source Files\C++程序设计_第4周运算符重载</Filter>
    </ClCompile>
    <ClCompile Include="别人的大整数乘法_验证用.cpp">
      <Filter>Source Files\C++程序设计_第4周运算符重载</Filter>
    </ClCompile>
    <ClCompile Include="C++_4_4 大整数的加减乘除v1.1.cpp">
      <Filter>Source Files\C++程序设计_第4周运算符重载</Filter>
    </ClCompile>
    <ClCompile Include="C++_5_1 写一个MyString类.cpp">
      <Filter>Source Files\C++程序设计_第5周继承与派生</Filter>
    </ClCompile>
    <ClCompile Include="C++_5_2 魔兽世界之二：装备.cpp">
      <Filter>Source Files\C++程序设计_第5周继承与派生</Filter>
    </ClCompile>
    <ClCompile Include="C++_6_1 输出Fun Do.cpp">
      <Filter>Source Files\C++程序设计_第6周多态与虚函数</Filter>
    </ClCompile>
    <ClCompile Include="C++_6_2 destructor.cpp">
      <Filter>Source Files\C++程序设计_第6周多态与虚函数</Filter>
    </ClCompile>
    <ClCompile Include="C++_6_3.cpp">
      <Filter>Source Files\C++程序设计_第6周多态与虚函数</Filter>
    </ClCompile>
    <ClCompile Include="C++_6_4 魔兽世界终极版.cpp">
      <Filter>Source Files\C++程序设计_第6周多态与虚函数</Filter>
    </ClCompile>
    <ClCompile Include="程序设计与算法（三）第06周001_看上去像多态.cpp">
      <Filter>Source Files\C++程序设计_第6周多态与虚函数</Filter>
    </ClCompile>
    <ClCompile Include="程序设计与算法（三）第06周002_Fun和Do.cpp">
      <Filter>Source Files\C++程序设计_第6周多态与虚函数</Filter>
    </ClCompile>
    <ClCompile Include="程序设计与算法（三）第06周003_这是什么鬼delete.cpp">
      <Filter>Source Files\C++程序设计_第6周多态与虚函数</Filter>
    </ClCompile>
    <ClCompile Include="程序设计与算法（三）第06周004_怎么又是Fun和Do.cpp">
      <Filter>Source Files\C++程序设计_第6周多态与虚函数</Filter>
    </ClCompile>
    <ClCompile Include="程序设计与算法（三）第07周001_简单的SumArray.cpp">
      <Filter>Source Files\C++程序设计_第7周文件操作与模板</Filter>
    </ClCompile>
    <ClCompile Include="程序设计与算法（三）第07周002_简单的foreach.cpp">
      <Filter>Source Files\C++程序设计_第7周文件操作与模板</Filter>
    </ClCompile>
    <ClCompile Include="程序设计与算法（三）第07周003_简单的Filter.cpp">
      <Filter>Source Files\C++程序设计_第7周文件操作与模板</Filter>
    </ClCompile>
    <ClCompile Include="程序设计与算法（三）第07周004_你真的搞清楚为啥while(cin)能成立了吗.cpp">
      <Filter>Source Files\C++程序设计_第7周文件操作与模板</Filter>
    </ClCompile>
    <ClCompile Include="程序设计与算法（三）第07周005_山寨版istream_iterator.cpp">
      <Filter>Source Files\C++程序设计_第7周文件操作与模板</Filter>
    </ClCompile>
    <ClCompile Include="程序设计与算法（三）第07周006_这个模板并不难cpp.cpp">
      <Filter>Source Files\C++程序设计_第7周文件操作与模板</Filter>
    </ClCompile>
    <ClCompile Include="程序设计与算法（三）第07周007_排序，又见排序!.cpp">
      <Filter>Source Files\C++程序设计_第7周文件操作与模板</Filter>
    </ClCompile>
    <ClCompile Include="程序设计与算法（三）第08周001_goodcopy.cpp">
      <Filter>Source Files\C++程序设计_第8周标准模板库STL</Filter>
    </ClCompile>
    <ClCompile Include="C++_8_1 STL填空.cpp">
      <Filter>Source Files\C++程序设计_第8周标准模板库STL</Filter>
    </ClCompile>
    <ClCompile Include="C++_8_1 List.cpp">
      <Filter>Source Files\C++程序设计_第8周标准模板库STL</Filter>
    </ClCompile>
    <ClCompile Include="C++_8_1 List法2-hash_map.cpp">
      <Filter>Source Files\C++程序设计_第8周标准模板库STL</Filter>
    </ClCompile>
  </ItemGroup>
</Project>